
Microsoft Visual Studio Solution File, Format Version 12.00
# Visual Studio Version 16
VisualStudioVersion = 16.0.31112.23
MinimumVisualStudioVersion = 10.0.40219.1
Project("{FAE04EC0-301F-11D3-BF4B-00C04F79EFBC}") = "RCpotato", "RCpotato\RCpotato.csproj", "{8C3787A2-FCC0-4A43-A986-C86B4BF72ED8}"
EndProject
Global
	GlobalSection(SolutionConfigurationPlatforms) = preSolution
		Debug|Any CPU = Debug|Any CPU
		Release|Any CPU = Release|Any CPU
	EndGlobalSection
	GlobalSection(ProjectConfigurationPlatforms) = postSolution
		{8C3787A2-FCC0-4A43-A986-C86B4BF72ED8}.Debug|Any CPU.ActiveCfg = Debug|Any CPU
		{8C3787A2-FCC0-4A43-A986-C86B4BF72ED8}.Debug|Any CPU.Build.0 = Debug|Any CPU
		{8C3787A2-FCC0-4A43-A986-C86B4BF72ED8}.Release|Any CPU.ActiveCfg = Release|Any CPU
		{8C3787A2-FCC0-4A43-A986-C86B4BF72ED8}.Release|Any CPU.Build.0 = Release|Any CPU
	EndGlobalSection
	GlobalSection(SolutionProperties) = preSolution
		HideSolutionNode = FALSE
	EndGlobalSection
	GlobalSection(ExtensibilityGlobals) = postSolution
		SolutionGuid = {86276A6F-55C3-4415-9DA0-86D3FFDE28FD}
	EndGlobalSection
EndGlobal
